
Microsoft Visual Studio Solution File, Format Version 12.00
# Visual Studio 15
VisualStudioVersion = 15.0.27130.2027
MinimumVisualStudioVersion = 10.0.40219.1
Project("{FAE04EC0-301F-11D3-BF4B-00C04F79EFBC}") = "03", "06\03.csproj", "{3CBBCB0F-7092-4906-AE1D-363B41C7F48C}"
EndProject
Global
	GlobalSection(SolutionConfigurationPlatforms) = preSolution
		Debug|Any CPU = Debug|Any CPU
		Release|Any CPU = Release|Any CPU
	EndGlobalSection
	GlobalSection(ProjectConfigurationPlatforms) = postSolution
		{3CBBCB0F-7092-4906-AE1D-363B41C7F48C}.Debug|Any CPU.ActiveCfg = Debug|Any CPU
		{3CBBCB0F-7092-4906-AE1D-363B41C7F48C}.Debug|Any CPU.Build.0 = Debug|Any CPU
		{3CBBCB0F-7092-4906-AE1D-363B41C7F48C}.Release|Any CPU.ActiveCfg = Release|Any CPU
		{3CBBCB0F-7092-4906-AE1D-363B41C7F48C}.Release|Any CPU.Build.0 = Release|Any CPU
	EndGlobalSection
	GlobalSection(SolutionProperties) = preSolution
		HideSolutionNode = FALSE
	EndGlobalSection
	GlobalSection(ExtensibilityGlobals) = postSolution
		SolutionGuid = {D06CE0A7-49E3-40C2-AD00-C43905F8C9DD}
	EndGlobalSection
EndGlobal
